// !$*UTF8*$!
{
	archiveVersion = 1;
	classes = {
	};
	objectVersion = 46;
	objects = {

/* Begin PBXBuildFile section */
		01CE92311D92E1B8006A039C /* AppDelegate.swift in Sources */ = {isa = PBXBuildFile; fileRef = 01CE92301D92E1B8006A039C /* AppDelegate.swift */; };
		01CE92331D92E1B8006A039C /* ViewController.swift in Sources */ = {isa = PBXBuildFile; fileRef = 01CE92321D92E1B8006A039C /* ViewController.swift */; };
		01CE92361D92E1B8006A039C /* Main.storyboard in Resources */ = {isa = PBXBuildFile; fileRef = 01CE92341D92E1B8006A039C /* Main.storyboard */; };
		01CE92381D92E1B8006A039C /* Assets.xcassets in Resources */ = {isa = PBXBuildFile; fileRef = 01CE92371D92E1B8006A039C /* Assets.xcassets */; };
		01CE923B1D92E1B8006A039C /* LaunchScreen.storyboard in Resources */ = {isa = PBXBuildFile; fileRef = 01CE92391D92E1B8006A039C /* LaunchScreen.storyboard */; };
		01CE92461D92E34D006A039C /* Expression.framework in Frameworks */ = {isa = PBXBuildFile; fileRef = 01CE92451D92E34D006A039C /* Expression.framework */; };
		01CE92481D9326DE006A039C /* View+Layout.swift in Sources */ = {isa = PBXBuildFile; fileRef = 01CE92471D9326DE006A039C /* View+Layout.swift */; };
/* End PBXBuildFile section */

/* Begin PBXFileReference section */
		01CE922D1D92E1B8006A039C /* Layout.app */ = {isa = PBXFileReference; explicitFileType = wrapper.application; includeInIndex = 0; path = Layout.app; sourceTree = BUILT_PRODUCTS_DIR; };
		01CE92301D92E1B8006A039C /* AppDelegate.swift */ = {isa = PBXFileReference; lastKnownFileType = sourcecode.swift; path = AppDelegate.swift; sourceTree = "<group>"; };
		01CE92321D92E1B8006A039C /* ViewController.swift */ = {isa = PBXFileReference; lastKnownFileType = sourcecode.swift; path = ViewController.swift; sourceTree = "<group>"; };
		01CE92351D92E1B8006A039C /* Base */ = {isa = PBXFileReference; lastKnownFileType = file.storyboard; name = Base; path = Base.lproj/Main.storyboard; sourceTree = "<group>"; };
		01CE92371D92E1B8006A039C /* Assets.xcassets */ = {isa = PBXFileReference; lastKnownFileType = folder.assetcatalog; path = Assets.xcassets; sourceTree = "<group>"; };
		01CE923A1D92E1B8006A039C /* Base */ = {isa = PBXFileReference; lastKnownFileType = file.storyboard; name = Base; path = Base.lproj/LaunchScreen.storyboard; sourceTree = "<group>"; };
		01CE923C1D92E1B8006A039C /* Info.plist */ = {isa = PBXFileReference; lastKnownFileType = text.plist.xml; path = Info.plist; sourceTree = "<group>"; };
		01CE92431D92E21A006A039C /* Expression.framework */ = {isa = PBXFileReference; lastKnownFileType = wrapper.framework; name = Expression.framework; path = "../../build/Debug-iphoneos/Expression.framework"; sourceTree = "<group>"; };
		01CE92451D92E34D006A039C /* Expression.framework */ = {isa = PBXFileReference; lastKnownFileType = wrapper.framework; name = Expression.framework; path = "../../../../../Library/Developer/Xcode/DerivedData/Examples-bmfjowziudewfhchbmdzfivfyofv/Build/Products/Debug-iphonesimulator/Expression.framework"; sourceTree = "<group>"; };
		01CE92471D9326DE006A039C /* View+Layout.swift */ = {isa = PBXFileReference; fileEncoding = 4; lastKnownFileType = sourcecode.swift; path = "View+Layout.swift"; sourceTree = "<group>"; };
/* End PBXFileReference section */

/* Begin PBXFrameworksBuildPhase section */
		01CE922A1D92E1B8006A039C /* Frameworks */ = {
			isa = PBXFrameworksBuildPhase;
			buildActionMask = 2147483647;
			files = (
				01CE92461D92E34D006A039C /* Expression.framework in Frameworks */,
			);
			runOnlyForDeploymentPostprocessing = 0;
		};
/* End PBXFrameworksBuildPhase section */

/* Begin PBXGroup section */
		01CE92241D92E1B8006A039C = {
			isa = PBXGroup;
			children = (
				01CE922F1D92E1B8006A039C /* Layout */,
				01CE922E1D92E1B8006A039C /* Products */,
				01CE92421D92E219006A039C /* Frameworks */,
			);
			sourceTree = "<group>";
		};
		01CE922E1D92E1B8006A039C /* Products */ = {
			isa = PBXGroup;
			children = (
				01CE922D1D92E1B8006A039C /* Layout.app */,
			);
			name = Products;
			sourceTree = "<group>";
		};
		01CE922F1D92E1B8006A039C /* Layout */ = {
			isa = PBXGroup;
			children = (
				01CE92301D92E1B8006A039C /* AppDelegate.swift */,
				01CE92321D92E1B8006A039C /* ViewController.swift */,
				01CE92471D9326DE006A039C /* View+Layout.swift */,
				01CE92341D92E1B8006A039C /* Main.storyboard */,
				01CE92371D92E1B8006A039C /* Assets.xcassets */,
				01CE92391D92E1B8006A039C /* LaunchScreen.storyboard */,
				01CE923C1D92E1B8006A039C /* Info.plist */,
			);
			path = Layout;
			sourceTree = "<group>";
		};
		01CE92421D92E219006A039C /* Frameworks */ = {
			isa = PBXGroup;
			children = (
				01CE92451D92E34D006A039C /* Expression.framework */,
				01CE92431D92E21A006A039C /* Expression.framework */,
			);
			name = Frameworks;
			sourceTree = "<group>";
		};
/* End PBXGroup section */

/* Begin PBXNativeTarget section */
		01CE922C1D92E1B8006A039C /* Layout */ = {
			isa = PBXNativeTarget;
			buildConfigurationList = 01CE923F1D92E1B8006A039C /* Build configuration list for PBXNativeTarget "Layout" */;
			buildPhases = (
				01CE92291D92E1B8006A039C /* Sources */,
				01CE922A1D92E1B8006A039C /* Frameworks */,
				01CE922B1D92E1B8006A039C /* Resources */,
			);
			buildRules = (
			);
			dependencies = (
			);
			name = Layout;
			productName = Layout;
			productReference = 01CE922D1D92E1B8006A039C /* Layout.app */;
			productType = "com.apple.product-type.application";
		};
/* End PBXNativeTarget section */

/* Begin PBXProject section */
		01CE92251D92E1B8006A039C /* Project object */ = {
			isa = PBXProject;
			attributes = {
				LastSwiftUpdateCheck = 0800;
				LastUpgradeCheck = 0800;
				ORGANIZATIONNAME = "Nick Lockwood";
				TargetAttributes = {
					01CE922C1D92E1B8006A039C = {
						CreatedOnToolsVersion = 8.0;
						ProvisioningStyle = Automatic;
					};
				};
			};
			buildConfigurationList = 01CE92281D92E1B8006A039C /* Build configuration list for PBXProject "Layout" */;
			compatibilityVersion = "Xcode 3.2";
			developmentRegion = English;
			hasScannedForEncodings = 0;
			knownRegions = (
				en,
				Base,
			);
			mainGroup = 01CE92241D92E1B8006A039C;
			productRefGroup = 01CE922E1D92E1B8006A039C /* Products */;
			projectDirPath = "";
			projectRoot = "";
			targets = (
				01CE922C1D92E1B8006A039C /* Layout */,
			);
		};
/* End PBXProject section */

/* Begin PBXResourcesBuildPhase section */
		01CE922B1D92E1B8006A039C /* Resources */ = {
			isa = PBXResourcesBuildPhase;
			buildActionMask = 2147483647;
			files = (
				01CE923B1D92E1B8006A039C /* LaunchScreen.storyboard in Resources */,
				01CE92381D92E1B8006A039C /* Assets.xcassets in Resources */,
				01CE92361D92E1B8006A039C /* Main.storyboard in Resources */,
			);
			runOnlyForDeploymentPostprocessing = 0;
		};
/* End PBXResourcesBuildPhase section */

/* Begin PBXSourcesBuildPhase section */
		01CE92291D92E1B8006A039C /* Sources */ = {
			isa = PBXSourcesBuildPhase;
			buildActionMask = 2147483647;
			files = (
				01CE92331D92E1B8006A039C /* ViewController.swift in Sources */,
				01CE92311D92E1B8006A039C /* AppDelegate.swift in Sources */,
				01CE92481D9326DE006A039C /* View+Layout.swift in Sources */,
			);
			runOnlyForDeploymentPostprocessing = 0;
		};
/* End PBXSourcesBuildPhase section */

/* Begin PBXVariantGroup section */
		01CE92341D92E1B8006A039C /* Main.storyboard */ = {
			isa = PBXVariantGroup;
			children = (
				01CE92351D92E1B8006A039C /* Base */,
			);
			name = Main.storyboard;
			sourceTree = "<group>";
		};
		01CE92391D92E1B8006A039C /* LaunchScreen.storyboard */ = {
			isa = PBXVariantGroup;
			children = (
				01CE923A1D92E1B8006A039C /* Base */,
			);
			name = LaunchScreen.storyboard;
			sourceTree = "<group>";
		};
/* End PBXVariantGroup section */

/* Begin XCBuildConfiguration section */
		01CE923D1D92E1B8006A039C /* Debug */ = {
			isa = XCBuildConfiguration;
			buildSettings = {
				ALWAYS_SEARCH_USER_PATHS = NO;
				CLANG_ANALYZER_NONNULL = YES;
				CLANG_CXX_LANGUAGE_STANDARD = "gnu++0x";
				CLANG_CXX_LIBRARY = "libc++";
				CLANG_ENABLE_MODULES = YES;
				CLANG_ENABLE_OBJC_ARC = YES;
				CLANG_WARN_BOOL_CONVERSION = YES;
				CLANG_WARN_CONSTANT_CONVERSION = YES;
				CLANG_WARN_DIRECT_OBJC_ISA_USAGE = YES_ERROR;
				CLANG_WARN_DOCUMENTATION_COMMENTS = YES;
				CLANG_WARN_EMPTY_BODY = YES;
				CLANG_WARN_ENUM_CONVERSION = YES;
				CLANG_WARN_INFINITE_RECURSION = YES;
				CLANG_WARN_INT_CONVERSION = YES;
				CLANG_WARN_OBJC_ROOT_CLASS = YES_ERROR;
				CLANG_WARN_SUSPICIOUS_MOVES = YES;
				CLANG_WARN_UNREACHABLE_CODE = YES;
				CLANG_WARN__DUPLICATE_METHOD_MATCH = YES;
				"CODE_SIGN_IDENTITY[sdk=iphoneos*]" = "iPhone Developer";
				COPY_PHASE_STRIP = NO;
				DEBUG_INFORMATION_FORMAT = dwarf;
				ENABLE_STRICT_OBJC_MSGSEND = YES;
				ENABLE_TESTABILITY = YES;
				GCC_C_LANGUAGE_STANDARD = gnu99;
				GCC_DYNAMIC_NO_PIC = NO;
				GCC_NO_COMMON_BLOCKS = YES;
				GCC_OPTIMIZATION_LEVEL = 0;
				GCC_PREPROCESSOR_DEFINITIONS = (
					"DEBUG=1",
					"$(inherited)",
				);
				GCC_WARN_64_TO_32_BIT_CONVERSION = YES;
				GCC_WARN_ABOUT_RETURN_TYPE = YES_ERROR;
				GCC_WARN_UNDECLARED_SELECTOR = YES;
				GCC_WARN_UNINITIALIZED_AUTOS = YES_AGGRESSIVE;
				GCC_WARN_UNUSED_FUNCTION = YES;
				GCC_WARN_UNUSED_VARIABLE = YES;
				IPHONEOS_DEPLOYMENT_TARGET = 10.0;
				MTL_ENABLE_DEBUG_INFO = YES;
				ONLY_ACTIVE_ARCH = YES;
				SDKROOT = iphoneos;
				SWIFT_ACTIVE_COMPILATION_CONDITIONS = DEBUG;
				SWIFT_OPTIMIZATION_LEVEL = "-Onone";
				TARGETED_DEVICE_FAMILY = "1,2";
			};
			name = Debug;
		};
		01CE923E1D92E1B8006A039C /* Release */ = {
			isa = XCBuildConfiguration;
			buildSettings = {
				ALWAYS_SEARCH_USER_PATHS = NO;
				CLANG_ANALYZER_NONNULL = YES;
				CLANG_CXX_LANGUAGE_STANDARD = "gnu++0x";
				CLANG_CXX_LIBRARY = "libc++";
				CLANG_ENABLE_MODULES = YES;
				CLANG_ENABLE_OBJC_ARC = YES;
				CLANG_WARN_BOOL_CONVERSION = YES;
				CLANG_WARN_CONSTANT_CONVERSION = YES;
				CLANG_WARN_DIRECT_OBJC_ISA_USAGE = YES_ERROR;
				CLANG_WARN_DOCUMENTATION_COMMENTS = YES;
				CLANG_WARN_EMPTY_BODY = YES;
				CLANG_WARN_ENUM_CONVERSION = YES;
				CLANG_WARN_INFINITE_RECURSION = YES;
				CLANG_WARN_INT_CONVERSION = YES;
				CLANG_WARN_OBJC_ROOT_CLASS = YES_ERROR;
				CLANG_WARN_SUSPICIOUS_MOVES = YES;
				CLANG_WARN_UNREACHABLE_CODE = YES;
				CLANG_WARN__DUPLICATE_METHOD_MATCH = YES;
				"CODE_SIGN_IDENTITY[sdk=iphoneos*]" = "iPhone Developer";
				COPY_PHASE_STRIP = NO;
				DEBUG_INFORMATION_FORMAT = "dwarf-with-dsym";
				ENABLE_NS_ASSERTIONS = NO;
				ENABLE_STRICT_OBJC_MSGSEND = YES;
				GCC_C_LANGUAGE_STANDARD = gnu99;
				GCC_NO_COMMON_BLOCKS = YES;
				GCC_WARN_64_TO_32_BIT_CONVERSION = YES;
				GCC_WARN_ABOUT_RETURN_TYPE = YES_ERROR;
				GCC_WARN_UNDECLARED_SELECTOR = YES;
				GCC_WARN_UNINITIALIZED_AUTOS = YES_AGGRESSIVE;
				GCC_WARN_UNUSED_FUNCTION = YES;
				GCC_WARN_UNUSED_VARIABLE = YES;
				IPHONEOS_DEPLOYMENT_TARGET = 10.0;
				MTL_ENABLE_DEBUG_INFO = NO;
				SDKROOT = iphoneos;
				SWIFT_OPTIMIZATION_LEVEL = "-Owholemodule";
				TARGETED_DEVICE_FAMILY = "1,2";
				VALIDATE_PRODUCT = YES;
			};
			name = Release;
		};
		01CE92401D92E1B8006A039C /* Debug */ = {
			isa = XCBuildConfiguration;
			buildSettings = {
				ASSETCATALOG_COMPILER_APPICON_NAME = AppIcon;
				INFOPLIST_FILE = Layout/Info.plist;
				LD_RUNPATH_SEARCH_PATHS = "$(inherited) @executable_path/Frameworks";
				PRODUCT_BUNDLE_IDENTIFIER = com.Layout;
				PRODUCT_NAME = "$(TARGET_NAME)";
				SWIFT_VERSION = 3.0;
			};
			name = Debug;
		};
		01CE92411D92E1B8006A039C /* Release */ = {
			isa = XCBuildConfiguration;
			buildSettings = {
				ASSETCATALOG_COMPILER_APPICON_NAME = AppIcon;
				INFOPLIST_FILE = Layout/Info.plist;
				LD_RUNPATH_SEARCH_PATHS = "$(inherited) @executable_path/Frameworks";
				PRODUCT_BUNDLE_IDENTIFIER = com.Layout;
				PRODUCT_NAME = "$(TARGET_NAME)";
				SWIFT_VERSION = 3.0;
			};
			name = Release;
		};
/* End XCBuildConfiguration section */

/* Begin XCConfigurationList section */
		01CE92281D92E1B8006A039C /* Build configuration list for PBXProject "Layout" */ = {
			isa = XCConfigurationList;
			buildConfigurations = (
				01CE923D1D92E1B8006A039C /* Debug */,
				01CE923E1D92E1B8006A039C /* Release */,
			);
			defaultConfigurationIsVisible = 0;
			defaultConfigurationName = Release;
		};
		01CE923F1D92E1B8006A039C /* Build configuration list for PBXNativeTarget "Layout" */ = {
			isa = XCConfigurationList;
			buildConfigurations = (
				01CE92401D92E1B8006A039C /* Debug */,
				01CE92411D92E1B8006A039C /* Release */,
			);
			defaultConfigurationIsVisible = 0;
			defaultConfigurationName = Release;
		};
/* End XCConfigurationList section */
	};
	rootObject = 01CE92251D92E1B8006A039C /* Project object */;
}
